
Microsoft Visual Studio Solution File, Format Version 12.00
# Visual Studio 15
VisualStudioVersion = 15.0.27703.2035
MinimumVisualStudioVersion = 10.0.40219.1
Project("{FAE04EC0-301F-11D3-BF4B-00C04F79EFBC}") = "DataAnalytics", "DataAnalytics\DataAnalytics.csproj", "{6E2E69DC-C1E8-48FF-855B-1C91C95313CF}"
EndProject
Global
	GlobalSection(SolutionConfigurationPlatforms) = preSolution
		Debug|Any CPU = Debug|Any CPU
		Release|Any CPU = Release|Any CPU
	EndGlobalSection
	GlobalSection(ProjectConfigurationPlatforms) = postSolution
		{6E2E69DC-C1E8-48FF-855B-1C91C95313CF}.Debug|Any CPU.ActiveCfg = Debug|Any CPU
		{6E2E69DC-C1E8-48FF-855B-1C91C95313CF}.Debug|Any CPU.Build.0 = Debug|Any CPU
		{6E2E69DC-C1E8-48FF-855B-1C91C95313CF}.Release|Any CPU.ActiveCfg = Release|Any CPU
		{6E2E69DC-C1E8-48FF-855B-1C91C95313CF}.Release|Any CPU.Build.0 = Release|Any CPU
	EndGlobalSection
	GlobalSection(SolutionProperties) = preSolution
		HideSolutionNode = FALSE
	EndGlobalSection
	GlobalSection(ExtensibilityGlobals) = postSolution
		SolutionGuid = {3820F8D0-24C0-4B31-A4F1-3B204763C457}
	EndGlobalSection
EndGlobal
